// !$*UTF8*$!
{
	archiveVersion = 1;
	classes = {
	};
	objectVersion = 45;
	objects = {

/* Begin PBXBuildFile section */
		1F776AA812F3227C0075D4A7 /* CarbonSpeakJNI.h in Headers */ = {isa = PBXBuildFile; fileRef = 1F776AA712F3227C0075D4A7 /* CarbonSpeakJNI.h */; };
		1FC61C4512F9D1AC0006F96A /* CarbonSpeak.h in Headers */ = {isa = PBXBuildFile; fileRef = 1FC61C4312F9D1AC0006F96A /* CarbonSpeak.h */; };
		1FC61C4612F9D1AC0006F96A /* CarbonSpeak.cpp in Sources */ = {isa = PBXBuildFile; fileRef = 1FC61C4412F9D1AC0006F96A /* CarbonSpeak.cpp */; };
		1FCA8D04125FFB4100A6CF39 /* Carbon.framework in Frameworks */ = {isa = PBXBuildFile; fileRef = 1FCA8D03125FFB4100A6CF39 /* Carbon.framework */; };
		1FDBA32912F22E010037C23F /* CarbonSpeakJNI.cpp in Sources */ = {isa = PBXBuildFile; fileRef = 1FDBA32812F22E010037C23F /* CarbonSpeakJNI.cpp */; };
/* End PBXBuildFile section */

/* Begin PBXFileReference section */
		1F776AA712F3227C0075D4A7 /* CarbonSpeakJNI.h */ = {isa = PBXFileReference; fileEncoding = 4; lastKnownFileType = sourcecode.c.h; path = CarbonSpeakJNI.h; sourceTree = "<group>"; };
		1FC61C4312F9D1AC0006F96A /* CarbonSpeak.h */ = {isa = PBXFileReference; fileEncoding = 4; lastKnownFileType = sourcecode.c.h; path = CarbonSpeak.h; sourceTree = "<group>"; };
		1FC61C4412F9D1AC0006F96A /* CarbonSpeak.cpp */ = {isa = PBXFileReference; fileEncoding = 4; lastKnownFileType = sourcecode.cpp.cpp; path = CarbonSpeak.cpp; sourceTree = "<group>"; };
		1FCA8D03125FFB4100A6CF39 /* Carbon.framework */ = {isa = PBXFileReference; lastKnownFileType = wrapper.framework; name = Carbon.framework; path = System/Library/Frameworks/Carbon.framework; sourceTree = SDKROOT; };
		1FDBA32812F22E010037C23F /* CarbonSpeakJNI.cpp */ = {isa = PBXFileReference; fileEncoding = 4; lastKnownFileType = sourcecode.cpp.cpp; path = CarbonSpeakJNI.cpp; sourceTree = "<group>"; };
		D2AAC0630554660B00DB518D /* libCarbonSpeakJNI.jnilib */ = {isa = PBXFileReference; explicitFileType = "compiled.mach-o.dylib"; includeInIndex = 0; path = libCarbonSpeakJNI.jnilib; sourceTree = BUILT_PRODUCTS_DIR; };
/* End PBXFileReference section */

/* Begin PBXFrameworksBuildPhase section */
		D289988505E68E00004EDB86 /* Frameworks */ = {
			isa = PBXFrameworksBuildPhase;
			buildActionMask = 2147483647;
			files = (
				1FCA8D04125FFB4100A6CF39 /* Carbon.framework in Frameworks */,
			);
			runOnlyForDeploymentPostprocessing = 0;
		};
/* End PBXFrameworksBuildPhase section */

/* Begin PBXGroup section */
		08FB7794FE84155DC02AAC07 /* CarbonSpeakJNI */ = {
			isa = PBXGroup;
			children = (
				08FB7795FE84155DC02AAC07 /* Source */,
				1FCA8D08125FFB4B00A6CF39 /* Frameworks */,
				1AB674ADFE9D54B511CA2CBB /* Products */,
			);
			name = CarbonSpeakJNI;
			sourceTree = "<group>";
		};
		08FB7795FE84155DC02AAC07 /* Source */ = {
			isa = PBXGroup;
			children = (
				1FDBA32812F22E010037C23F /* CarbonSpeakJNI.cpp */,
				1F776AA712F3227C0075D4A7 /* CarbonSpeakJNI.h */,
				1FC61C4312F9D1AC0006F96A /* CarbonSpeak.h */,
				1FC61C4412F9D1AC0006F96A /* CarbonSpeak.cpp */,
			);
			name = Source;
			sourceTree = "<group>";
		};
		1AB674ADFE9D54B511CA2CBB /* Products */ = {
			isa = PBXGroup;
			children = (
				D2AAC0630554660B00DB518D /* libCarbonSpeakJNI.jnilib */,
			);
			name = Products;
			sourceTree = "<group>";
		};
		1FCA8D08125FFB4B00A6CF39 /* Frameworks */ = {
			isa = PBXGroup;
			children = (
				1FCA8D03125FFB4100A6CF39 /* Carbon.framework */,
			);
			name = Frameworks;
			sourceTree = "<group>";
		};
/* End PBXGroup section */

/* Begin PBXHeadersBuildPhase section */
		D2AAC0600554660B00DB518D /* Headers */ = {
			isa = PBXHeadersBuildPhase;
			buildActionMask = 2147483647;
			files = (
				1F776AA812F3227C0075D4A7 /* CarbonSpeakJNI.h in Headers */,
				1FC61C4512F9D1AC0006F96A /* CarbonSpeak.h in Headers */,
			);
			runOnlyForDeploymentPostprocessing = 0;
		};
/* End PBXHeadersBuildPhase section */

/* Begin PBXNativeTarget section */
		D2AAC0620554660B00DB518D /* CarbonSpeakJNI */ = {
			isa = PBXNativeTarget;
			buildConfigurationList = 1DEB914A08733D8E0010E9CD /* Build configuration list for PBXNativeTarget "CarbonSpeakJNI" */;
			buildPhases = (
				D2AAC0600554660B00DB518D /* Headers */,
				D2AAC0610554660B00DB518D /* Sources */,
				D289988505E68E00004EDB86 /* Frameworks */,
			);
			buildRules = (
			);
			dependencies = (
			);
			name = CarbonSpeakJNI;
			productName = CarbonSpeakJNI;
			productReference = D2AAC0630554660B00DB518D /* libCarbonSpeakJNI.jnilib */;
			productType = "com.apple.product-type.library.dynamic";
		};
/* End PBXNativeTarget section */

/* Begin PBXProject section */
		08FB7793FE84155DC02AAC07 /* Project object */ = {
			isa = PBXProject;
			buildConfigurationList = 1DEB914E08733D8E0010E9CD /* Build configuration list for PBXProject "CarbonSpeakJNI" */;
			compatibilityVersion = "Xcode 3.1";
			hasScannedForEncodings = 1;
			mainGroup = 08FB7794FE84155DC02AAC07 /* CarbonSpeakJNI */;
			projectDirPath = "";
			projectRoot = "";
			targets = (
				D2AAC0620554660B00DB518D /* CarbonSpeakJNI */,
			);
		};
/* End PBXProject section */

/* Begin PBXSourcesBuildPhase section */
		D2AAC0610554660B00DB518D /* Sources */ = {
			isa = PBXSourcesBuildPhase;
			buildActionMask = 2147483647;
			files = (
				1FDBA32912F22E010037C23F /* CarbonSpeakJNI.cpp in Sources */,
				1FC61C4612F9D1AC0006F96A /* CarbonSpeak.cpp in Sources */,
			);
			runOnlyForDeploymentPostprocessing = 0;
		};
/* End PBXSourcesBuildPhase section */

/* Begin XCBuildConfiguration section */
		1DEB914B08733D8E0010E9CD /* Debug */ = {
			isa = XCBuildConfiguration;
			buildSettings = {
				ALWAYS_SEARCH_USER_PATHS = NO;
				COPY_PHASE_STRIP = NO;
				EXECUTABLE_EXTENSION = jnilib;
				EXECUTABLE_PREFIX = lib;
				GCC_DYNAMIC_NO_PIC = NO;
				GCC_ENABLE_FIX_AND_CONTINUE = YES;
				GCC_MODEL_TUNING = G5;
				GCC_OPTIMIZATION_LEVEL = 0;
				INSTALL_PATH = /usr/local/lib;
				PRODUCT_NAME = CarbonSpeakJNI;
			};
			name = Debug;
		};
		1DEB914C08733D8E0010E9CD /* Release */ = {
			isa = XCBuildConfiguration;
			buildSettings = {
				ALWAYS_SEARCH_USER_PATHS = NO;
				DEBUG_INFORMATION_FORMAT = "dwarf-with-dsym";
				EXECUTABLE_PREFIX = lib;
				GCC_MODEL_TUNING = G5;
				INSTALL_PATH = /usr/local/lib;
				PRODUCT_NAME = CarbonSpeakJNI;
			};
			name = Release;
		};
		1DEB914F08733D8E0010E9CD /* Debug */ = {
			isa = XCBuildConfiguration;
			buildSettings = {
				ARCHS = "$(ARCHS_STANDARD_32_64_BIT)";
				GCC_C_LANGUAGE_STANDARD = gnu99;
				GCC_OPTIMIZATION_LEVEL = 0;
				GCC_WARN_ABOUT_RETURN_TYPE = YES;
				GCC_WARN_UNUSED_VARIABLE = YES;
				HEADER_SEARCH_PATHS = /System/Library/Frameworks/JavaVM.framework/Versions/A/Headers/;
				ONLY_ACTIVE_ARCH = YES;
				PREBINDING = NO;
				SDKROOT = macosx10.6;
			};
			name = Debug;
		};
		1DEB915008733D8E0010E9CD /* Release */ = {
			isa = XCBuildConfiguration;
			buildSettings = {
				ARCHS = "$(ARCHS_STANDARD_32_64_BIT)";
				GCC_C_LANGUAGE_STANDARD = gnu99;
				GCC_WARN_ABOUT_RETURN_TYPE = YES;
				GCC_WARN_UNUSED_VARIABLE = YES;
				PREBINDING = NO;
				SDKROOT = macosx10.6;
			};
			name = Release;
		};
/* End XCBuildConfiguration section */

/* Begin XCConfigurationList section */
		1DEB914A08733D8E0010E9CD /* Build configuration list for PBXNativeTarget "CarbonSpeakJNI" */ = {
			isa = XCConfigurationList;
			buildConfigurations = (
				1DEB914B08733D8E0010E9CD /* Debug */,
				1DEB914C08733D8E0010E9CD /* Release */,
			);
			defaultConfigurationIsVisible = 0;
			defaultConfigurationName = Release;
		};
		1DEB914E08733D8E0010E9CD /* Build configuration list for PBXProject "CarbonSpeakJNI" */ = {
			isa = XCConfigurationList;
			buildConfigurations = (
				1DEB914F08733D8E0010E9CD /* Debug */,
				1DEB915008733D8E0010E9CD /* Release */,
			);
			defaultConfigurationIsVisible = 0;
			defaultConfigurationName = Release;
		};
/* End XCConfigurationList section */
	};
	rootObject = 08FB7793FE84155DC02AAC07 /* Project object */;
}
